
Microsoft Visual Studio Solution File, Format Version 12.00
# Visual Studio Version 17
VisualStudioVersion = 17.9.34728.123
MinimumVisualStudioVersion = 10.0.40219.1
Project("{FAE04EC0-301F-11D3-BF4B-00C04F79EFBC}") = "ServerApp_Day2_VD1", "ServerApp_Day2_VD1\ServerApp_Day2_VD1.csproj", "{DACBB721-F8A1-4BCB-989D-9A88FD44813F}"
EndProject
Global
	GlobalSection(SolutionConfigurationPlatforms) = preSolution
		Debug|Any CPU = Debug|Any CPU
		Release|Any CPU = Release|Any CPU
	EndGlobalSection
	GlobalSection(ProjectConfigurationPlatforms) = postSolution
		{DACBB721-F8A1-4BCB-989D-9A88FD44813F}.Debug|Any CPU.ActiveCfg = Debug|Any CPU
		{DACBB721-F8A1-4BCB-989D-9A88FD44813F}.Debug|Any CPU.Build.0 = Debug|Any CPU
		{DACBB721-F8A1-4BCB-989D-9A88FD44813F}.Release|Any CPU.ActiveCfg = Release|Any CPU
		{DACBB721-F8A1-4BCB-989D-9A88FD44813F}.Release|Any CPU.Build.0 = Release|Any CPU
	EndGlobalSection
	GlobalSection(SolutionProperties) = preSolution
		HideSolutionNode = FALSE
	EndGlobalSection
	GlobalSection(ExtensibilityGlobals) = postSolution
		SolutionGuid = {ABF36E26-D651-48A1-873A-48A920CA6F7B}
	EndGlobalSection
EndGlobal
